
Microsoft Visual Studio Solution File, Format Version 12.00
Project("{FAE04EC0-301F-11D3-BF4B-00C04F79EFBC}") = "SimplifyScrumApi", "SimplifyScrumApi\SimplifyScrumApi.csproj", "{7F24DA47-20BB-42C7-8A9D-966EED3E761F}"
EndProject
Project("{FAE04EC0-301F-11D3-BF4B-00C04F79EFBC}") = "DataAccess", "DataAccess\DataAccess.csproj", "{86BCBBFB-112A-4D4E-9129-184C7076E96A}"
EndProject
Project("{FAE04EC0-301F-11D3-BF4B-00C04F79EFBC}") = "UserModule", "UserModule\UserModule.csproj", "{B1B79CDF-9A8C-4CB3-A659-6FEA45421B21}"
EndProject
Project("{FAE04EC0-301F-11D3-BF4B-00C04F79EFBC}") = "UserModule.Tests", "UserModule.Tests\UserModule.Tests.csproj", "{43499951-8AA6-4AB6-A251-F50B4850557C}"
EndProject
Project("{FAE04EC0-301F-11D3-BF4B-00C04F79EFBC}") = "SchedulingModule", "SchedulingModule\SchedulingModule.csproj", "{920CBF16-CC62-45BC-8CC9-459C79C67BE2}"
EndProject
Project("{FAE04EC0-301F-11D3-BF4B-00C04F79EFBC}") = "SchedulingModule.Tests", "SchedulingModule.Tests\SchedulingModule.Tests.csproj", "{9A82E013-F475-4DCD-BD2C-650431C1510C}"
EndProject
Project("{FAE04EC0-301F-11D3-BF4B-00C04F79EFBC}") = "SimplifyScrumApi.Tests", "SimplifyScrumApi.Tests\SimplifyScrumApi.Tests.csproj", "{9C292596-CF3E-4604-B771-8BB2F70B57AD}"
EndProject
Project("{FAE04EC0-301F-11D3-BF4B-00C04F79EFBC}") = "DashboardModule", "DashboardModule\DashboardModule.csproj", "{6BD7E077-31FB-4D86-A43C-E5ED75C1AAC0}"
EndProject
Project("{FAE04EC0-301F-11D3-BF4B-00C04F79EFBC}") = "DashboardModule.Tests", "DashboardModule.Tests\DashboardModule.Tests.csproj", "{D45E210D-2283-4950-AB65-61C376FBD377}"
EndProject
Project("{FAE04EC0-301F-11D3-BF4B-00C04F79EFBC}") = "BacklogModule", "BacklogModule\BacklogModule.csproj", "{771DDEA7-9CCE-4994-9F3A-9C6EDED734C9}"
EndProject
Project("{FAE04EC0-301F-11D3-BF4B-00C04F79EFBC}") = "BacklogModule.Tests", "BacklogModule.Tests\BacklogModule.Tests.csproj", "{4A7B3FB0-6BAD-44FC-9240-0393969FE093}"
EndProject
Global
	GlobalSection(SolutionConfigurationPlatforms) = preSolution
		Debug|Any CPU = Debug|Any CPU
		Release|Any CPU = Release|Any CPU
	EndGlobalSection
	GlobalSection(ProjectConfigurationPlatforms) = postSolution
		{7F24DA47-20BB-42C7-8A9D-966EED3E761F}.Debug|Any CPU.ActiveCfg = Debug|Any CPU
		{7F24DA47-20BB-42C7-8A9D-966EED3E761F}.Debug|Any CPU.Build.0 = Debug|Any CPU
		{7F24DA47-20BB-42C7-8A9D-966EED3E761F}.Release|Any CPU.ActiveCfg = Release|Any CPU
		{7F24DA47-20BB-42C7-8A9D-966EED3E761F}.Release|Any CPU.Build.0 = Release|Any CPU
		{86BCBBFB-112A-4D4E-9129-184C7076E96A}.Debug|Any CPU.ActiveCfg = Debug|Any CPU
		{86BCBBFB-112A-4D4E-9129-184C7076E96A}.Debug|Any CPU.Build.0 = Debug|Any CPU
		{86BCBBFB-112A-4D4E-9129-184C7076E96A}.Release|Any CPU.ActiveCfg = Release|Any CPU
		{86BCBBFB-112A-4D4E-9129-184C7076E96A}.Release|Any CPU.Build.0 = Release|Any CPU
		{B1B79CDF-9A8C-4CB3-A659-6FEA45421B21}.Debug|Any CPU.ActiveCfg = Debug|Any CPU
		{B1B79CDF-9A8C-4CB3-A659-6FEA45421B21}.Debug|Any CPU.Build.0 = Debug|Any CPU
		{B1B79CDF-9A8C-4CB3-A659-6FEA45421B21}.Release|Any CPU.ActiveCfg = Release|Any CPU
		{B1B79CDF-9A8C-4CB3-A659-6FEA45421B21}.Release|Any CPU.Build.0 = Release|Any CPU
		{43499951-8AA6-4AB6-A251-F50B4850557C}.Debug|Any CPU.ActiveCfg = Debug|Any CPU
		{43499951-8AA6-4AB6-A251-F50B4850557C}.Debug|Any CPU.Build.0 = Debug|Any CPU
		{43499951-8AA6-4AB6-A251-F50B4850557C}.Release|Any CPU.ActiveCfg = Release|Any CPU
		{43499951-8AA6-4AB6-A251-F50B4850557C}.Release|Any CPU.Build.0 = Release|Any CPU
		{920CBF16-CC62-45BC-8CC9-459C79C67BE2}.Debug|Any CPU.ActiveCfg = Debug|Any CPU
		{920CBF16-CC62-45BC-8CC9-459C79C67BE2}.Debug|Any CPU.Build.0 = Debug|Any CPU
		{920CBF16-CC62-45BC-8CC9-459C79C67BE2}.Release|Any CPU.ActiveCfg = Release|Any CPU
		{920CBF16-CC62-45BC-8CC9-459C79C67BE2}.Release|Any CPU.Build.0 = Release|Any CPU
		{9A82E013-F475-4DCD-BD2C-650431C1510C}.Debug|Any CPU.ActiveCfg = Debug|Any CPU
		{9A82E013-F475-4DCD-BD2C-650431C1510C}.Debug|Any CPU.Build.0 = Debug|Any CPU
		{9A82E013-F475-4DCD-BD2C-650431C1510C}.Release|Any CPU.ActiveCfg = Release|Any CPU
		{9A82E013-F475-4DCD-BD2C-650431C1510C}.Release|Any CPU.Build.0 = Release|Any CPU
		{9C292596-CF3E-4604-B771-8BB2F70B57AD}.Debug|Any CPU.ActiveCfg = Debug|Any CPU
		{9C292596-CF3E-4604-B771-8BB2F70B57AD}.Debug|Any CPU.Build.0 = Debug|Any CPU
		{9C292596-CF3E-4604-B771-8BB2F70B57AD}.Release|Any CPU.ActiveCfg = Release|Any CPU
		{9C292596-CF3E-4604-B771-8BB2F70B57AD}.Release|Any CPU.Build.0 = Release|Any CPU
		{6BD7E077-31FB-4D86-A43C-E5ED75C1AAC0}.Debug|Any CPU.ActiveCfg = Debug|Any CPU
		{6BD7E077-31FB-4D86-A43C-E5ED75C1AAC0}.Debug|Any CPU.Build.0 = Debug|Any CPU
		{6BD7E077-31FB-4D86-A43C-E5ED75C1AAC0}.Release|Any CPU.ActiveCfg = Release|Any CPU
		{6BD7E077-31FB-4D86-A43C-E5ED75C1AAC0}.Release|Any CPU.Build.0 = Release|Any CPU
		{D45E210D-2283-4950-AB65-61C376FBD377}.Debug|Any CPU.ActiveCfg = Debug|Any CPU
		{D45E210D-2283-4950-AB65-61C376FBD377}.Debug|Any CPU.Build.0 = Debug|Any CPU
		{D45E210D-2283-4950-AB65-61C376FBD377}.Release|Any CPU.ActiveCfg = Release|Any CPU
		{D45E210D-2283-4950-AB65-61C376FBD377}.Release|Any CPU.Build.0 = Release|Any CPU
		{A26B1F8A-BF8B-4B8B-9267-BB9EDFF20A3F}.Debug|Any CPU.ActiveCfg = Debug|Any CPU
		{A26B1F8A-BF8B-4B8B-9267-BB9EDFF20A3F}.Debug|Any CPU.Build.0 = Debug|Any CPU
		{A26B1F8A-BF8B-4B8B-9267-BB9EDFF20A3F}.Release|Any CPU.ActiveCfg = Release|Any CPU
		{A26B1F8A-BF8B-4B8B-9267-BB9EDFF20A3F}.Release|Any CPU.Build.0 = Release|Any CPU
		{771DDEA7-9CCE-4994-9F3A-9C6EDED734C9}.Debug|Any CPU.ActiveCfg = Debug|Any CPU
		{771DDEA7-9CCE-4994-9F3A-9C6EDED734C9}.Debug|Any CPU.Build.0 = Debug|Any CPU
		{771DDEA7-9CCE-4994-9F3A-9C6EDED734C9}.Release|Any CPU.ActiveCfg = Release|Any CPU
		{771DDEA7-9CCE-4994-9F3A-9C6EDED734C9}.Release|Any CPU.Build.0 = Release|Any CPU
		{4A7B3FB0-6BAD-44FC-9240-0393969FE093}.Debug|Any CPU.ActiveCfg = Debug|Any CPU
		{4A7B3FB0-6BAD-44FC-9240-0393969FE093}.Debug|Any CPU.Build.0 = Debug|Any CPU
		{4A7B3FB0-6BAD-44FC-9240-0393969FE093}.Release|Any CPU.ActiveCfg = Release|Any CPU
		{4A7B3FB0-6BAD-44FC-9240-0393969FE093}.Release|Any CPU.Build.0 = Release|Any CPU
	EndGlobalSection
EndGlobal
