
Microsoft Visual Studio Solution File, Format Version 12.00
Project("{FAE04EC0-301F-11D3-BF4B-00C04F79EFBC}") = "SimplifyScrum", "SimplifyScrum\SimplifyScrum.csproj", "{7F24DA47-20BB-42C7-8A9D-966EED3E761F}"
EndProject
Project("{FAE04EC0-301F-11D3-BF4B-00C04F79EFBC}") = "DataAccess", "DataAccess\DataAccess.csproj", "{86BCBBFB-112A-4D4E-9129-184C7076E96A}"
EndProject
Project("{FAE04EC0-301F-11D3-BF4B-00C04F79EFBC}") = "UserModule", "UserModule\UserModule.csproj", "{B1B79CDF-9A8C-4CB3-A659-6FEA45421B21}"
EndProject
Project("{FAE04EC0-301F-11D3-BF4B-00C04F79EFBC}") = "UserModule.Tests", "UserModule.Tests\UserModule.Tests.csproj", "{43499951-8AA6-4AB6-A251-F50B4850557C}"
EndProject
Project("{FAE04EC0-301F-11D3-BF4B-00C04F79EFBC}") = "SchedulingModule", "SchedulingModule\SchedulingModule.csproj", "{920CBF16-CC62-45BC-8CC9-459C79C67BE2}"
EndProject
Project("{FAE04EC0-301F-11D3-BF4B-00C04F79EFBC}") = "SchedulingModule.Tests", "SchedulingModule.Tests\SchedulingModule.Tests.csproj", "{9A82E013-F475-4DCD-BD2C-650431C1510C}"
EndProject
Global
	GlobalSection(SolutionConfigurationPlatforms) = preSolution
		Debug|Any CPU = Debug|Any CPU
		Release|Any CPU = Release|Any CPU
	EndGlobalSection
	GlobalSection(ProjectConfigurationPlatforms) = postSolution
		{7F24DA47-20BB-42C7-8A9D-966EED3E761F}.Debug|Any CPU.ActiveCfg = Debug|Any CPU
		{7F24DA47-20BB-42C7-8A9D-966EED3E761F}.Debug|Any CPU.Build.0 = Debug|Any CPU
		{7F24DA47-20BB-42C7-8A9D-966EED3E761F}.Release|Any CPU.ActiveCfg = Release|Any CPU
		{7F24DA47-20BB-42C7-8A9D-966EED3E761F}.Release|Any CPU.Build.0 = Release|Any CPU
		{86BCBBFB-112A-4D4E-9129-184C7076E96A}.Debug|Any CPU.ActiveCfg = Debug|Any CPU
		{86BCBBFB-112A-4D4E-9129-184C7076E96A}.Debug|Any CPU.Build.0 = Debug|Any CPU
		{86BCBBFB-112A-4D4E-9129-184C7076E96A}.Release|Any CPU.ActiveCfg = Release|Any CPU
		{86BCBBFB-112A-4D4E-9129-184C7076E96A}.Release|Any CPU.Build.0 = Release|Any CPU
		{B1B79CDF-9A8C-4CB3-A659-6FEA45421B21}.Debug|Any CPU.ActiveCfg = Debug|Any CPU
		{B1B79CDF-9A8C-4CB3-A659-6FEA45421B21}.Debug|Any CPU.Build.0 = Debug|Any CPU
		{B1B79CDF-9A8C-4CB3-A659-6FEA45421B21}.Release|Any CPU.ActiveCfg = Release|Any CPU
		{B1B79CDF-9A8C-4CB3-A659-6FEA45421B21}.Release|Any CPU.Build.0 = Release|Any CPU
		{43499951-8AA6-4AB6-A251-F50B4850557C}.Debug|Any CPU.ActiveCfg = Debug|Any CPU
		{43499951-8AA6-4AB6-A251-F50B4850557C}.Debug|Any CPU.Build.0 = Debug|Any CPU
		{43499951-8AA6-4AB6-A251-F50B4850557C}.Release|Any CPU.ActiveCfg = Release|Any CPU
		{43499951-8AA6-4AB6-A251-F50B4850557C}.Release|Any CPU.Build.0 = Release|Any CPU
		{920CBF16-CC62-45BC-8CC9-459C79C67BE2}.Debug|Any CPU.ActiveCfg = Debug|Any CPU
		{920CBF16-CC62-45BC-8CC9-459C79C67BE2}.Debug|Any CPU.Build.0 = Debug|Any CPU
		{920CBF16-CC62-45BC-8CC9-459C79C67BE2}.Release|Any CPU.ActiveCfg = Release|Any CPU
		{920CBF16-CC62-45BC-8CC9-459C79C67BE2}.Release|Any CPU.Build.0 = Release|Any CPU
		{9A82E013-F475-4DCD-BD2C-650431C1510C}.Debug|Any CPU.ActiveCfg = Debug|Any CPU
		{9A82E013-F475-4DCD-BD2C-650431C1510C}.Debug|Any CPU.Build.0 = Debug|Any CPU
		{9A82E013-F475-4DCD-BD2C-650431C1510C}.Release|Any CPU.ActiveCfg = Release|Any CPU
		{9A82E013-F475-4DCD-BD2C-650431C1510C}.Release|Any CPU.Build.0 = Release|Any CPU
	EndGlobalSection
EndGlobal
